
Microsoft Visual Studio Solution File, Format Version 12.00
Project("{FAE04EC0-301F-11D3-BF4B-00C04F79EFBC}") = "farklıHarfler", "farklıHarfler.csproj", "{04AB7772-19E8-4ABE-9E48-C281341DA249}"
EndProject
Global
	GlobalSection(SolutionConfigurationPlatforms) = preSolution
		Debug|Any CPU = Debug|Any CPU
		Release|Any CPU = Release|Any CPU
	EndGlobalSection
	GlobalSection(ProjectConfigurationPlatforms) = postSolution
		{04AB7772-19E8-4ABE-9E48-C281341DA249}.Debug|Any CPU.ActiveCfg = Debug|Any CPU
		{04AB7772-19E8-4ABE-9E48-C281341DA249}.Debug|Any CPU.Build.0 = Debug|Any CPU
		{04AB7772-19E8-4ABE-9E48-C281341DA249}.Release|Any CPU.ActiveCfg = Release|Any CPU
		{04AB7772-19E8-4ABE-9E48-C281341DA249}.Release|Any CPU.Build.0 = Release|Any CPU
	EndGlobalSection
EndGlobal
